// !$*UTF8*$!
{
	archiveVersion = 1;
	classes = {
	};
	objectVersion = 51;
	objects = {

/* Begin PBXBuildFile section */
		15C9A5EBF23686F5636E4461 /* Pods_AlexGithubTestApp_AlexGithubTestAppUITests.framework in Frameworks */ = {isa = PBXBuildFile; fileRef = BD002CB35A64DBDDF8DF1800 /* Pods_AlexGithubTestApp_AlexGithubTestAppUITests.framework */; };
		2613AF188D41690161CC62B8 /* Pods_AlexGithubTestAppTests.framework in Frameworks */ = {isa = PBXBuildFile; fileRef = D1ADD63C0884C99497A9C7A2 /* Pods_AlexGithubTestAppTests.framework */; };
		8B7437EAD3EB49A2790ABC6C /* Pods_AlexGithubTestApp.framework in Frameworks */ = {isa = PBXBuildFile; fileRef = 9B5177D2B8FB3267AEB9A571 /* Pods_AlexGithubTestApp.framework */; };
		FADB9B6C23CCD733006CF143 /* AppDelegate.swift in Sources */ = {isa = PBXBuildFile; fileRef = FADB9B6B23CCD733006CF143 /* AppDelegate.swift */; };
		FADB9B6E23CCD733006CF143 /* SceneDelegate.swift in Sources */ = {isa = PBXBuildFile; fileRef = FADB9B6D23CCD733006CF143 /* SceneDelegate.swift */; };
		FADB9B7023CCD733006CF143 /* ViewController.swift in Sources */ = {isa = PBXBuildFile; fileRef = FADB9B6F23CCD733006CF143 /* ViewController.swift */; };
		FADB9B7323CCD733006CF143 /* LoginStoryboard.storyboard in Resources */ = {isa = PBXBuildFile; fileRef = FADB9B7123CCD733006CF143 /* LoginStoryboard.storyboard */; };
		FADB9B7523CCD737006CF143 /* Assets.xcassets in Resources */ = {isa = PBXBuildFile; fileRef = FADB9B7423CCD737006CF143 /* Assets.xcassets */; };
		FADB9B7823CCD737006CF143 /* LaunchScreen.storyboard in Resources */ = {isa = PBXBuildFile; fileRef = FADB9B7623CCD737006CF143 /* LaunchScreen.storyboard */; };
		FADB9B8323CCD737006CF143 /* AlexGithubTestAppTests.swift in Sources */ = {isa = PBXBuildFile; fileRef = FADB9B8223CCD737006CF143 /* AlexGithubTestAppTests.swift */; };
		FADB9B8E23CCD737006CF143 /* AlexGithubTestAppUITests.swift in Sources */ = {isa = PBXBuildFile; fileRef = FADB9B8D23CCD737006CF143 /* AlexGithubTestAppUITests.swift */; };
		FADB9B9D23CCE83A006CF143 /* URL+GithubApp.swift in Sources */ = {isa = PBXBuildFile; fileRef = FADB9B9C23CCE83A006CF143 /* URL+GithubApp.swift */; };
		FADB9B9F23CCEDB0006CF143 /* Notification+GithubApp.swift in Sources */ = {isa = PBXBuildFile; fileRef = FADB9B9E23CCEDB0006CF143 /* Notification+GithubApp.swift */; };
		FADB9BA223CCEE7D006CF143 /* DeeplinkCoordinator.swift in Sources */ = {isa = PBXBuildFile; fileRef = FADB9BA123CCEE7D006CF143 /* DeeplinkCoordinator.swift */; };
		FADB9BA423CCEFDE006CF143 /* GithubOAuthManager.swift in Sources */ = {isa = PBXBuildFile; fileRef = FADB9BA323CCEFDE006CF143 /* GithubOAuthManager.swift */; };
		FADB9BA823CCF233006CF143 /* LoginInteractor.swift in Sources */ = {isa = PBXBuildFile; fileRef = FADB9BA723CCF233006CF143 /* LoginInteractor.swift */; };
		FADB9BAB23CCF3E7006CF143 /* NetworkManager.swift in Sources */ = {isa = PBXBuildFile; fileRef = FADB9BAA23CCF3E7006CF143 /* NetworkManager.swift */; };
		FADB9BAE23CCF5C5006CF143 /* Endpoint.swift in Sources */ = {isa = PBXBuildFile; fileRef = FADB9BAD23CCF5C5006CF143 /* Endpoint.swift */; };
		FADB9BB023CCF65A006CF143 /* AlamofireNetworkManager.swift in Sources */ = {isa = PBXBuildFile; fileRef = FADB9BAF23CCF65A006CF143 /* AlamofireNetworkManager.swift */; };
		FADB9BB223CDB17F006CF143 /* URLRequest+GithubApp.swift in Sources */ = {isa = PBXBuildFile; fileRef = FADB9BB123CDB17F006CF143 /* URLRequest+GithubApp.swift */; };
		FADB9BB423CDB74E006CF143 /* Keychain.swift in Sources */ = {isa = PBXBuildFile; fileRef = FADB9BB323CDB74E006CF143 /* Keychain.swift */; };
		FADB9BB723CDBC07006CF143 /* API.swift in Sources */ = {isa = PBXBuildFile; fileRef = FADB9BB623CDBC07006CF143 /* API.swift */; };
		FADB9BB923CDBC14006CF143 /* API+Authorization.swift in Sources */ = {isa = PBXBuildFile; fileRef = FADB9BB823CDBC14006CF143 /* API+Authorization.swift */; };
		FADB9BBB23CDBE36006CF143 /* AppCoordinator.swift in Sources */ = {isa = PBXBuildFile; fileRef = FADB9BBA23CDBE36006CF143 /* AppCoordinator.swift */; };
		FADB9BBD23CDBED8006CF143 /* LoginConfigurator.swift in Sources */ = {isa = PBXBuildFile; fileRef = FADB9BBC23CDBED8006CF143 /* LoginConfigurator.swift */; };
		FADB9BC023CDC0CF006CF143 /* LoginViewController.swift in Sources */ = {isa = PBXBuildFile; fileRef = FADB9BBF23CDC0CF006CF143 /* LoginViewController.swift */; };
		FADB9BC223CDC1B9006CF143 /* UIStoryboard+GithubApp.swift in Sources */ = {isa = PBXBuildFile; fileRef = FADB9BC123CDC1B9006CF143 /* UIStoryboard+GithubApp.swift */; };
		FADB9BC423CDC207006CF143 /* Identifiable.swift in Sources */ = {isa = PBXBuildFile; fileRef = FADB9BC323CDC207006CF143 /* Identifiable.swift */; };
		FADB9BC623CDC24C006CF143 /* UIViewController+Identifiable.swift in Sources */ = {isa = PBXBuildFile; fileRef = FADB9BC523CDC24C006CF143 /* UIViewController+Identifiable.swift */; };
		FADB9BCC23CE0B54006CF143 /* DataStoresFactory.swift in Sources */ = {isa = PBXBuildFile; fileRef = FADB9BCB23CE0B54006CF143 /* DataStoresFactory.swift */; };
		FADB9BCE23CE0C52006CF143 /* RepoDataStore.swift in Sources */ = {isa = PBXBuildFile; fileRef = FADB9BCD23CE0C52006CF143 /* RepoDataStore.swift */; };
		FADB9BD023CE0C90006CF143 /* Repo.swift in Sources */ = {isa = PBXBuildFile; fileRef = FADB9BCF23CE0C90006CF143 /* Repo.swift */; };
		FADB9BD323CE0CBA006CF143 /* RepoParser.swift in Sources */ = {isa = PBXBuildFile; fileRef = FADB9BD223CE0CBA006CF143 /* RepoParser.swift */; };
		FADB9BD523CE0F29006CF143 /* API+Repo.swift in Sources */ = {isa = PBXBuildFile; fileRef = FADB9BD423CE0F29006CF143 /* API+Repo.swift */; };
		FADB9BD823CE19A1006CF143 /* ReposListInteractor.swift in Sources */ = {isa = PBXBuildFile; fileRef = FADB9BD723CE19A1006CF143 /* ReposListInteractor.swift */; };
		FADB9BDA23CE1A12006CF143 /* ReposListViewController.swift in Sources */ = {isa = PBXBuildFile; fileRef = FADB9BD923CE1A12006CF143 /* ReposListViewController.swift */; };
		FADB9BDC23CE1B2A006CF143 /* ReposListPresenter.swift in Sources */ = {isa = PBXBuildFile; fileRef = FADB9BDB23CE1B2A006CF143 /* ReposListPresenter.swift */; };
		FADB9BDE23CE1EAE006CF143 /* RepoStoryboard.storyboard in Resources */ = {isa = PBXBuildFile; fileRef = FADB9BDD23CE1EAE006CF143 /* RepoStoryboard.storyboard */; };
		FADB9BE023CE208A006CF143 /* ReposListConfigurator.swift in Sources */ = {isa = PBXBuildFile; fileRef = FADB9BDF23CE208A006CF143 /* ReposListConfigurator.swift */; };
		FADB9BE423CE25EA006CF143 /* RepoTableViewCell.swift in Sources */ = {isa = PBXBuildFile; fileRef = FADB9BE223CE25EA006CF143 /* RepoTableViewCell.swift */; };
		FADB9BE523CE25EA006CF143 /* RepoTableViewCell.xib in Resources */ = {isa = PBXBuildFile; fileRef = FADB9BE323CE25EA006CF143 /* RepoTableViewCell.xib */; };
		FADB9BE723CE2CAA006CF143 /* UIImage+GithubApp.swift in Sources */ = {isa = PBXBuildFile; fileRef = FADB9BE623CE2CAA006CF143 /* UIImage+GithubApp.swift */; };
		FADB9BE923CE2D6C006CF143 /* CellDequable.swift in Sources */ = {isa = PBXBuildFile; fileRef = FADB9BE823CE2D6C006CF143 /* CellDequable.swift */; };
		FADB9BEB23CE2FCB006CF143 /* UITableViewCell+Identifiable.swift in Sources */ = {isa = PBXBuildFile; fileRef = FADB9BEA23CE2FCB006CF143 /* UITableViewCell+Identifiable.swift */; };
/* End PBXBuildFile section */

/* Begin PBXContainerItemProxy section */
		FADB9B7F23CCD737006CF143 /* PBXContainerItemProxy */ = {
			isa = PBXContainerItemProxy;
			containerPortal = FADB9B6023CCD733006CF143 /* Project object */;
			proxyType = 1;
			remoteGlobalIDString = FADB9B6723CCD733006CF143;
			remoteInfo = AlexGithubTestApp;
		};
		FADB9B8A23CCD737006CF143 /* PBXContainerItemProxy */ = {
			isa = PBXContainerItemProxy;
			containerPortal = FADB9B6023CCD733006CF143 /* Project object */;
			proxyType = 1;
			remoteGlobalIDString = FADB9B6723CCD733006CF143;
			remoteInfo = AlexGithubTestApp;
		};
/* End PBXContainerItemProxy section */

/* Begin PBXFileReference section */
		02DACD6D349ED21AF445D23F /* Pods-AlexGithubTestApp-AlexGithubTestAppUITests.debug.xcconfig */ = {isa = PBXFileReference; includeInIndex = 1; lastKnownFileType = text.xcconfig; name = "Pods-AlexGithubTestApp-AlexGithubTestAppUITests.debug.xcconfig"; path = "Target Support Files/Pods-AlexGithubTestApp-AlexGithubTestAppUITests/Pods-AlexGithubTestApp-AlexGithubTestAppUITests.debug.xcconfig"; sourceTree = "<group>"; };
		135990732FB44911CC899994 /* Pods-AlexGithubTestAppTests.debug.xcconfig */ = {isa = PBXFileReference; includeInIndex = 1; lastKnownFileType = text.xcconfig; name = "Pods-AlexGithubTestAppTests.debug.xcconfig"; path = "Target Support Files/Pods-AlexGithubTestAppTests/Pods-AlexGithubTestAppTests.debug.xcconfig"; sourceTree = "<group>"; };
		2FF3772BBD5153F613128F53 /* Pods-AlexGithubTestApp-AlexGithubTestAppUITests.release.xcconfig */ = {isa = PBXFileReference; includeInIndex = 1; lastKnownFileType = text.xcconfig; name = "Pods-AlexGithubTestApp-AlexGithubTestAppUITests.release.xcconfig"; path = "Target Support Files/Pods-AlexGithubTestApp-AlexGithubTestAppUITests/Pods-AlexGithubTestApp-AlexGithubTestAppUITests.release.xcconfig"; sourceTree = "<group>"; };
		4659923C6ADF9524571E8D97 /* Pods-AlexGithubTestApp.debug.xcconfig */ = {isa = PBXFileReference; includeInIndex = 1; lastKnownFileType = text.xcconfig; name = "Pods-AlexGithubTestApp.debug.xcconfig"; path = "Target Support Files/Pods-AlexGithubTestApp/Pods-AlexGithubTestApp.debug.xcconfig"; sourceTree = "<group>"; };
		75B89685A3FAB0910908A39F /* Pods-AlexGithubTestAppTests.release.xcconfig */ = {isa = PBXFileReference; includeInIndex = 1; lastKnownFileType = text.xcconfig; name = "Pods-AlexGithubTestAppTests.release.xcconfig"; path = "Target Support Files/Pods-AlexGithubTestAppTests/Pods-AlexGithubTestAppTests.release.xcconfig"; sourceTree = "<group>"; };
		9B5177D2B8FB3267AEB9A571 /* Pods_AlexGithubTestApp.framework */ = {isa = PBXFileReference; explicitFileType = wrapper.framework; includeInIndex = 0; path = Pods_AlexGithubTestApp.framework; sourceTree = BUILT_PRODUCTS_DIR; };
		BD002CB35A64DBDDF8DF1800 /* Pods_AlexGithubTestApp_AlexGithubTestAppUITests.framework */ = {isa = PBXFileReference; explicitFileType = wrapper.framework; includeInIndex = 0; path = Pods_AlexGithubTestApp_AlexGithubTestAppUITests.framework; sourceTree = BUILT_PRODUCTS_DIR; };
		D1ADD63C0884C99497A9C7A2 /* Pods_AlexGithubTestAppTests.framework */ = {isa = PBXFileReference; explicitFileType = wrapper.framework; includeInIndex = 0; path = Pods_AlexGithubTestAppTests.framework; sourceTree = BUILT_PRODUCTS_DIR; };
		FADB9B6823CCD733006CF143 /* AlexGithubTestApp.app */ = {isa = PBXFileReference; explicitFileType = wrapper.application; includeInIndex = 0; path = AlexGithubTestApp.app; sourceTree = BUILT_PRODUCTS_DIR; };
		FADB9B6B23CCD733006CF143 /* AppDelegate.swift */ = {isa = PBXFileReference; lastKnownFileType = sourcecode.swift; path = AppDelegate.swift; sourceTree = "<group>"; };
		FADB9B6D23CCD733006CF143 /* SceneDelegate.swift */ = {isa = PBXFileReference; lastKnownFileType = sourcecode.swift; path = SceneDelegate.swift; sourceTree = "<group>"; };
		FADB9B6F23CCD733006CF143 /* ViewController.swift */ = {isa = PBXFileReference; lastKnownFileType = sourcecode.swift; path = ViewController.swift; sourceTree = "<group>"; };
		FADB9B7223CCD733006CF143 /* Base */ = {isa = PBXFileReference; lastKnownFileType = file.storyboard; name = Base; path = Base.lproj/LoginStoryboard.storyboard; sourceTree = "<group>"; };
		FADB9B7423CCD737006CF143 /* Assets.xcassets */ = {isa = PBXFileReference; lastKnownFileType = folder.assetcatalog; path = Assets.xcassets; sourceTree = "<group>"; };
		FADB9B7723CCD737006CF143 /* Base */ = {isa = PBXFileReference; lastKnownFileType = file.storyboard; name = Base; path = Base.lproj/LaunchScreen.storyboard; sourceTree = "<group>"; };
		FADB9B7923CCD737006CF143 /* Info.plist */ = {isa = PBXFileReference; lastKnownFileType = text.plist.xml; path = Info.plist; sourceTree = "<group>"; };
		FADB9B7E23CCD737006CF143 /* AlexGithubTestAppTests.xctest */ = {isa = PBXFileReference; explicitFileType = wrapper.cfbundle; includeInIndex = 0; path = AlexGithubTestAppTests.xctest; sourceTree = BUILT_PRODUCTS_DIR; };
		FADB9B8223CCD737006CF143 /* AlexGithubTestAppTests.swift */ = {isa = PBXFileReference; lastKnownFileType = sourcecode.swift; path = AlexGithubTestAppTests.swift; sourceTree = "<group>"; };
		FADB9B8423CCD737006CF143 /* Info.plist */ = {isa = PBXFileReference; lastKnownFileType = text.plist.xml; path = Info.plist; sourceTree = "<group>"; };
		FADB9B8923CCD737006CF143 /* AlexGithubTestAppUITests.xctest */ = {isa = PBXFileReference; explicitFileType = wrapper.cfbundle; includeInIndex = 0; path = AlexGithubTestAppUITests.xctest; sourceTree = BUILT_PRODUCTS_DIR; };
		FADB9B8D23CCD737006CF143 /* AlexGithubTestAppUITests.swift */ = {isa = PBXFileReference; lastKnownFileType = sourcecode.swift; path = AlexGithubTestAppUITests.swift; sourceTree = "<group>"; };
		FADB9B8F23CCD737006CF143 /* Info.plist */ = {isa = PBXFileReference; lastKnownFileType = text.plist.xml; path = Info.plist; sourceTree = "<group>"; };
		FADB9B9C23CCE83A006CF143 /* URL+GithubApp.swift */ = {isa = PBXFileReference; lastKnownFileType = sourcecode.swift; path = "URL+GithubApp.swift"; sourceTree = "<group>"; };
		FADB9B9E23CCEDB0006CF143 /* Notification+GithubApp.swift */ = {isa = PBXFileReference; lastKnownFileType = sourcecode.swift; path = "Notification+GithubApp.swift"; sourceTree = "<group>"; };
		FADB9BA123CCEE7D006CF143 /* DeeplinkCoordinator.swift */ = {isa = PBXFileReference; lastKnownFileType = sourcecode.swift; path = DeeplinkCoordinator.swift; sourceTree = "<group>"; };
		FADB9BA323CCEFDE006CF143 /* GithubOAuthManager.swift */ = {isa = PBXFileReference; lastKnownFileType = sourcecode.swift; path = GithubOAuthManager.swift; sourceTree = "<group>"; };
		FADB9BA723CCF233006CF143 /* LoginInteractor.swift */ = {isa = PBXFileReference; lastKnownFileType = sourcecode.swift; path = LoginInteractor.swift; sourceTree = "<group>"; };
		FADB9BAA23CCF3E7006CF143 /* NetworkManager.swift */ = {isa = PBXFileReference; lastKnownFileType = sourcecode.swift; path = NetworkManager.swift; sourceTree = "<group>"; };
		FADB9BAD23CCF5C5006CF143 /* Endpoint.swift */ = {isa = PBXFileReference; lastKnownFileType = sourcecode.swift; path = Endpoint.swift; sourceTree = "<group>"; };
		FADB9BAF23CCF65A006CF143 /* AlamofireNetworkManager.swift */ = {isa = PBXFileReference; lastKnownFileType = sourcecode.swift; path = AlamofireNetworkManager.swift; sourceTree = "<group>"; };
		FADB9BB123CDB17F006CF143 /* URLRequest+GithubApp.swift */ = {isa = PBXFileReference; lastKnownFileType = sourcecode.swift; path = "URLRequest+GithubApp.swift"; sourceTree = "<group>"; };
		FADB9BB323CDB74E006CF143 /* Keychain.swift */ = {isa = PBXFileReference; lastKnownFileType = sourcecode.swift; path = Keychain.swift; sourceTree = "<group>"; };
		FADB9BB623CDBC07006CF143 /* API.swift */ = {isa = PBXFileReference; lastKnownFileType = sourcecode.swift; path = API.swift; sourceTree = "<group>"; };
		FADB9BB823CDBC14006CF143 /* API+Authorization.swift */ = {isa = PBXFileReference; lastKnownFileType = sourcecode.swift; path = "API+Authorization.swift"; sourceTree = "<group>"; };
		FADB9BBA23CDBE36006CF143 /* AppCoordinator.swift */ = {isa = PBXFileReference; lastKnownFileType = sourcecode.swift; path = AppCoordinator.swift; sourceTree = "<group>"; };
		FADB9BBC23CDBED8006CF143 /* LoginConfigurator.swift */ = {isa = PBXFileReference; lastKnownFileType = sourcecode.swift; path = LoginConfigurator.swift; sourceTree = "<group>"; };
		FADB9BBF23CDC0CF006CF143 /* LoginViewController.swift */ = {isa = PBXFileReference; lastKnownFileType = sourcecode.swift; path = LoginViewController.swift; sourceTree = "<group>"; };
		FADB9BC123CDC1B9006CF143 /* UIStoryboard+GithubApp.swift */ = {isa = PBXFileReference; lastKnownFileType = sourcecode.swift; path = "UIStoryboard+GithubApp.swift"; sourceTree = "<group>"; };
		FADB9BC323CDC207006CF143 /* Identifiable.swift */ = {isa = PBXFileReference; lastKnownFileType = sourcecode.swift; path = Identifiable.swift; sourceTree = "<group>"; };
		FADB9BC523CDC24C006CF143 /* UIViewController+Identifiable.swift */ = {isa = PBXFileReference; lastKnownFileType = sourcecode.swift; path = "UIViewController+Identifiable.swift"; sourceTree = "<group>"; };
		FADB9BCB23CE0B54006CF143 /* DataStoresFactory.swift */ = {isa = PBXFileReference; lastKnownFileType = sourcecode.swift; path = DataStoresFactory.swift; sourceTree = "<group>"; };
		FADB9BCD23CE0C52006CF143 /* RepoDataStore.swift */ = {isa = PBXFileReference; lastKnownFileType = sourcecode.swift; path = RepoDataStore.swift; sourceTree = "<group>"; };
		FADB9BCF23CE0C90006CF143 /* Repo.swift */ = {isa = PBXFileReference; lastKnownFileType = sourcecode.swift; path = Repo.swift; sourceTree = "<group>"; };
		FADB9BD223CE0CBA006CF143 /* RepoParser.swift */ = {isa = PBXFileReference; lastKnownFileType = sourcecode.swift; path = RepoParser.swift; sourceTree = "<group>"; };
		FADB9BD423CE0F29006CF143 /* API+Repo.swift */ = {isa = PBXFileReference; lastKnownFileType = sourcecode.swift; path = "API+Repo.swift"; sourceTree = "<group>"; };
		FADB9BD723CE19A1006CF143 /* ReposListInteractor.swift */ = {isa = PBXFileReference; lastKnownFileType = sourcecode.swift; path = ReposListInteractor.swift; sourceTree = "<group>"; };
		FADB9BD923CE1A12006CF143 /* ReposListViewController.swift */ = {isa = PBXFileReference; lastKnownFileType = sourcecode.swift; path = ReposListViewController.swift; sourceTree = "<group>"; };
		FADB9BDB23CE1B2A006CF143 /* ReposListPresenter.swift */ = {isa = PBXFileReference; lastKnownFileType = sourcecode.swift; path = ReposListPresenter.swift; sourceTree = "<group>"; };
		FADB9BDD23CE1EAE006CF143 /* RepoStoryboard.storyboard */ = {isa = PBXFileReference; lastKnownFileType = file.storyboard; path = RepoStoryboard.storyboard; sourceTree = "<group>"; };
		FADB9BDF23CE208A006CF143 /* ReposListConfigurator.swift */ = {isa = PBXFileReference; lastKnownFileType = sourcecode.swift; path = ReposListConfigurator.swift; sourceTree = "<group>"; };
		FADB9BE223CE25EA006CF143 /* RepoTableViewCell.swift */ = {isa = PBXFileReference; lastKnownFileType = sourcecode.swift; path = RepoTableViewCell.swift; sourceTree = "<group>"; };
		FADB9BE323CE25EA006CF143 /* RepoTableViewCell.xib */ = {isa = PBXFileReference; lastKnownFileType = file.xib; path = RepoTableViewCell.xib; sourceTree = "<group>"; };
		FADB9BE623CE2CAA006CF143 /* UIImage+GithubApp.swift */ = {isa = PBXFileReference; lastKnownFileType = sourcecode.swift; path = "UIImage+GithubApp.swift"; sourceTree = "<group>"; };
		FADB9BE823CE2D6C006CF143 /* CellDequable.swift */ = {isa = PBXFileReference; lastKnownFileType = sourcecode.swift; path = CellDequable.swift; sourceTree = "<group>"; };
		FADB9BEA23CE2FCB006CF143 /* UITableViewCell+Identifiable.swift */ = {isa = PBXFileReference; lastKnownFileType = sourcecode.swift; path = "UITableViewCell+Identifiable.swift"; sourceTree = "<group>"; };
		FF1B51AA803263914615E680 /* Pods-AlexGithubTestApp.release.xcconfig */ = {isa = PBXFileReference; includeInIndex = 1; lastKnownFileType = text.xcconfig; name = "Pods-AlexGithubTestApp.release.xcconfig"; path = "Target Support Files/Pods-AlexGithubTestApp/Pods-AlexGithubTestApp.release.xcconfig"; sourceTree = "<group>"; };
/* End PBXFileReference section */

/* Begin PBXFrameworksBuildPhase section */
		FADB9B6523CCD733006CF143 /* Frameworks */ = {
			isa = PBXFrameworksBuildPhase;
			buildActionMask = 2147483647;
			files = (
				8B7437EAD3EB49A2790ABC6C /* Pods_AlexGithubTestApp.framework in Frameworks */,
			);
			runOnlyForDeploymentPostprocessing = 0;
		};
		FADB9B7B23CCD737006CF143 /* Frameworks */ = {
			isa = PBXFrameworksBuildPhase;
			buildActionMask = 2147483647;
			files = (
				2613AF188D41690161CC62B8 /* Pods_AlexGithubTestAppTests.framework in Frameworks */,
			);
			runOnlyForDeploymentPostprocessing = 0;
		};
		FADB9B8623CCD737006CF143 /* Frameworks */ = {
			isa = PBXFrameworksBuildPhase;
			buildActionMask = 2147483647;
			files = (
				15C9A5EBF23686F5636E4461 /* Pods_AlexGithubTestApp_AlexGithubTestAppUITests.framework in Frameworks */,
			);
			runOnlyForDeploymentPostprocessing = 0;
		};
/* End PBXFrameworksBuildPhase section */

/* Begin PBXGroup section */
		AE66CF34D42BD72769376A9F /* Frameworks */ = {
			isa = PBXGroup;
			children = (
				9B5177D2B8FB3267AEB9A571 /* Pods_AlexGithubTestApp.framework */,
				BD002CB35A64DBDDF8DF1800 /* Pods_AlexGithubTestApp_AlexGithubTestAppUITests.framework */,
				D1ADD63C0884C99497A9C7A2 /* Pods_AlexGithubTestAppTests.framework */,
			);
			name = Frameworks;
			sourceTree = "<group>";
		};
		EFC07447D6DCCC1A9E2AD2D1 /* Pods */ = {
			isa = PBXGroup;
			children = (
				4659923C6ADF9524571E8D97 /* Pods-AlexGithubTestApp.debug.xcconfig */,
				FF1B51AA803263914615E680 /* Pods-AlexGithubTestApp.release.xcconfig */,
				02DACD6D349ED21AF445D23F /* Pods-AlexGithubTestApp-AlexGithubTestAppUITests.debug.xcconfig */,
				2FF3772BBD5153F613128F53 /* Pods-AlexGithubTestApp-AlexGithubTestAppUITests.release.xcconfig */,
				135990732FB44911CC899994 /* Pods-AlexGithubTestAppTests.debug.xcconfig */,
				75B89685A3FAB0910908A39F /* Pods-AlexGithubTestAppTests.release.xcconfig */,
			);
			path = Pods;
			sourceTree = "<group>";
		};
		FADB9B5F23CCD733006CF143 = {
			isa = PBXGroup;
			children = (
				FADB9B6A23CCD733006CF143 /* AlexGithubTestApp */,
				FADB9B8123CCD737006CF143 /* AlexGithubTestAppTests */,
				FADB9B8C23CCD737006CF143 /* AlexGithubTestAppUITests */,
				FADB9B6923CCD733006CF143 /* Products */,
				EFC07447D6DCCC1A9E2AD2D1 /* Pods */,
				AE66CF34D42BD72769376A9F /* Frameworks */,
			);
			sourceTree = "<group>";
		};
		FADB9B6923CCD733006CF143 /* Products */ = {
			isa = PBXGroup;
			children = (
				FADB9B6823CCD733006CF143 /* AlexGithubTestApp.app */,
				FADB9B7E23CCD737006CF143 /* AlexGithubTestAppTests.xctest */,
				FADB9B8923CCD737006CF143 /* AlexGithubTestAppUITests.xctest */,
			);
			name = Products;
			sourceTree = "<group>";
		};
		FADB9B6A23CCD733006CF143 /* AlexGithubTestApp */ = {
			isa = PBXGroup;
			children = (
				FADB9BC823CE0B17006CF143 /* Data Layer */,
				FADB9BC723CDC5CE006CF143 /* Storyboards */,
				FADB9BB523CDBBFA006CF143 /* API */,
				FADB9BAC23CCF5B9006CF143 /* Data Types */,
				FADB9BA923CCF3D3006CF143 /* Network Manager */,
				FADB9BA523CCF218006CF143 /* Modules */,
				FADB9BA023CCEE6D006CF143 /* Shared Logic */,
				FADB9B9B23CCE826006CF143 /* Extensions */,
				FADB9B6B23CCD733006CF143 /* AppDelegate.swift */,
				FADB9B6D23CCD733006CF143 /* SceneDelegate.swift */,
				FADB9B6F23CCD733006CF143 /* ViewController.swift */,
				FADB9B7423CCD737006CF143 /* Assets.xcassets */,
				FADB9B7623CCD737006CF143 /* LaunchScreen.storyboard */,
				FADB9B7923CCD737006CF143 /* Info.plist */,
			);
			path = AlexGithubTestApp;
			sourceTree = "<group>";
		};
		FADB9B8123CCD737006CF143 /* AlexGithubTestAppTests */ = {
			isa = PBXGroup;
			children = (
				FADB9B8223CCD737006CF143 /* AlexGithubTestAppTests.swift */,
				FADB9B8423CCD737006CF143 /* Info.plist */,
			);
			path = AlexGithubTestAppTests;
			sourceTree = "<group>";
		};
		FADB9B8C23CCD737006CF143 /* AlexGithubTestAppUITests */ = {
			isa = PBXGroup;
			children = (
				FADB9B8D23CCD737006CF143 /* AlexGithubTestAppUITests.swift */,
				FADB9B8F23CCD737006CF143 /* Info.plist */,
			);
			path = AlexGithubTestAppUITests;
			sourceTree = "<group>";
		};
		FADB9B9B23CCE826006CF143 /* Extensions */ = {
			isa = PBXGroup;
			children = (
				FADB9B9C23CCE83A006CF143 /* URL+GithubApp.swift */,
				FADB9B9E23CCEDB0006CF143 /* Notification+GithubApp.swift */,
				FADB9BB123CDB17F006CF143 /* URLRequest+GithubApp.swift */,
				FADB9BC123CDC1B9006CF143 /* UIStoryboard+GithubApp.swift */,
				FADB9BC523CDC24C006CF143 /* UIViewController+Identifiable.swift */,
				FADB9BE623CE2CAA006CF143 /* UIImage+GithubApp.swift */,
				FADB9BEA23CE2FCB006CF143 /* UITableViewCell+Identifiable.swift */,
			);
			path = Extensions;
			sourceTree = "<group>";
		};
		FADB9BA023CCEE6D006CF143 /* Shared Logic */ = {
			isa = PBXGroup;
			children = (
				FADB9BA123CCEE7D006CF143 /* DeeplinkCoordinator.swift */,
				FADB9BA323CCEFDE006CF143 /* GithubOAuthManager.swift */,
			);
			path = "Shared Logic";
			sourceTree = "<group>";
		};
		FADB9BA523CCF218006CF143 /* Modules */ = {
			isa = PBXGroup;
			children = (
				FADB9BBA23CDBE36006CF143 /* AppCoordinator.swift */,
				FADB9BA623CCF220006CF143 /* Login */,
				FADB9BD623CE1989006CF143 /* Repos List */,
			);
			path = Modules;
			sourceTree = "<group>";
		};
		FADB9BA623CCF220006CF143 /* Login */ = {
			isa = PBXGroup;
			children = (
				FADB9BA723CCF233006CF143 /* LoginInteractor.swift */,
				FADB9BBC23CDBED8006CF143 /* LoginConfigurator.swift */,
				FADB9BBF23CDC0CF006CF143 /* LoginViewController.swift */,
			);
			path = Login;
			sourceTree = "<group>";
		};
		FADB9BA923CCF3D3006CF143 /* Network Manager */ = {
			isa = PBXGroup;
			children = (
				FADB9BAA23CCF3E7006CF143 /* NetworkManager.swift */,
				FADB9BAF23CCF65A006CF143 /* AlamofireNetworkManager.swift */,
			);
			path = "Network Manager";
			sourceTree = "<group>";
		};
		FADB9BAC23CCF5B9006CF143 /* Data Types */ = {
			isa = PBXGroup;
			children = (
				FADB9BAD23CCF5C5006CF143 /* Endpoint.swift */,
				FADB9BB323CDB74E006CF143 /* Keychain.swift */,
				FADB9BC323CDC207006CF143 /* Identifiable.swift */,
				FADB9BE823CE2D6C006CF143 /* CellDequable.swift */,
			);
			path = "Data Types";
			sourceTree = "<group>";
		};
		FADB9BB523CDBBFA006CF143 /* API */ = {
			isa = PBXGroup;
			children = (
				FADB9BB623CDBC07006CF143 /* API.swift */,
				FADB9BB823CDBC14006CF143 /* API+Authorization.swift */,
				FADB9BD423CE0F29006CF143 /* API+Repo.swift */,
			);
			path = API;
			sourceTree = "<group>";
		};
		FADB9BC723CDC5CE006CF143 /* Storyboards */ = {
			isa = PBXGroup;
			children = (
				FADB9B7123CCD733006CF143 /* LoginStoryboard.storyboard */,
				FADB9BDD23CE1EAE006CF143 /* RepoStoryboard.storyboard */,
			);
			path = Storyboards;
			sourceTree = "<group>";
		};
		FADB9BC823CE0B17006CF143 /* Data Layer */ = {
			isa = PBXGroup;
			children = (
				FADB9BD123CE0CAA006CF143 /* Parsers */,
				FADB9BCA23CE0B3C006CF143 /* Data Stores */,
				FADB9BC923CE0B2C006CF143 /* Models */,
			);
			path = "Data Layer";
			sourceTree = "<group>";
		};
		FADB9BC923CE0B2C006CF143 /* Models */ = {
			isa = PBXGroup;
			children = (
				FADB9BCF23CE0C90006CF143 /* Repo.swift */,
			);
			path = Models;
			sourceTree = "<group>";
		};
		FADB9BCA23CE0B3C006CF143 /* Data Stores */ = {
			isa = PBXGroup;
			children = (
				FADB9BCB23CE0B54006CF143 /* DataStoresFactory.swift */,
				FADB9BCD23CE0C52006CF143 /* RepoDataStore.swift */,
			);
			path = "Data Stores";
			sourceTree = "<group>";
		};
		FADB9BD123CE0CAA006CF143 /* Parsers */ = {
			isa = PBXGroup;
			children = (
				FADB9BD223CE0CBA006CF143 /* RepoParser.swift */,
			);
			path = Parsers;
			sourceTree = "<group>";
		};
		FADB9BD623CE1989006CF143 /* Repos List */ = {
			isa = PBXGroup;
			children = (
				FADB9BE123CE25B0006CF143 /* RepoCell */,
				FADB9BD723CE19A1006CF143 /* ReposListInteractor.swift */,
				FADB9BD923CE1A12006CF143 /* ReposListViewController.swift */,
				FADB9BDB23CE1B2A006CF143 /* ReposListPresenter.swift */,
				FADB9BDF23CE208A006CF143 /* ReposListConfigurator.swift */,
			);
			path = "Repos List";
			sourceTree = "<group>";
		};
		FADB9BE123CE25B0006CF143 /* RepoCell */ = {
			isa = PBXGroup;
			children = (
				FADB9BE223CE25EA006CF143 /* RepoTableViewCell.swift */,
				FADB9BE323CE25EA006CF143 /* RepoTableViewCell.xib */,
			);
			path = RepoCell;
			sourceTree = "<group>";
		};
/* End PBXGroup section */

/* Begin PBXNativeTarget section */
		FADB9B6723CCD733006CF143 /* AlexGithubTestApp */ = {
			isa = PBXNativeTarget;
			buildConfigurationList = FADB9B9223CCD737006CF143 /* Build configuration list for PBXNativeTarget "AlexGithubTestApp" */;
			buildPhases = (
				46AF2123370A225792E13892 /* [CP] Check Pods Manifest.lock */,
				FADB9B6423CCD733006CF143 /* Sources */,
				FADB9B6523CCD733006CF143 /* Frameworks */,
				FADB9B6623CCD733006CF143 /* Resources */,
				8DBD3D66B79587FFD6E57D9C /* [CP] Embed Pods Frameworks */,
			);
			buildRules = (
			);
			dependencies = (
			);
			name = AlexGithubTestApp;
			productName = AlexGithubTestApp;
			productReference = FADB9B6823CCD733006CF143 /* AlexGithubTestApp.app */;
			productType = "com.apple.product-type.application";
		};
		FADB9B7D23CCD737006CF143 /* AlexGithubTestAppTests */ = {
			isa = PBXNativeTarget;
			buildConfigurationList = FADB9B9523CCD737006CF143 /* Build configuration list for PBXNativeTarget "AlexGithubTestAppTests" */;
			buildPhases = (
				F5FBDAD415FFB8838B5C738F /* [CP] Check Pods Manifest.lock */,
				FADB9B7A23CCD737006CF143 /* Sources */,
				FADB9B7B23CCD737006CF143 /* Frameworks */,
				FADB9B7C23CCD737006CF143 /* Resources */,
			);
			buildRules = (
			);
			dependencies = (
				FADB9B8023CCD737006CF143 /* PBXTargetDependency */,
			);
			name = AlexGithubTestAppTests;
			productName = AlexGithubTestAppTests;
			productReference = FADB9B7E23CCD737006CF143 /* AlexGithubTestAppTests.xctest */;
			productType = "com.apple.product-type.bundle.unit-test";
		};
		FADB9B8823CCD737006CF143 /* AlexGithubTestAppUITests */ = {
			isa = PBXNativeTarget;
			buildConfigurationList = FADB9B9823CCD737006CF143 /* Build configuration list for PBXNativeTarget "AlexGithubTestAppUITests" */;
			buildPhases = (
				0EACE3AFC01965E6AAB0A92C /* [CP] Check Pods Manifest.lock */,
				FADB9B8523CCD737006CF143 /* Sources */,
				FADB9B8623CCD737006CF143 /* Frameworks */,
				FADB9B8723CCD737006CF143 /* Resources */,
				F8F696EEBC328A697E4BADE6 /* [CP] Embed Pods Frameworks */,
			);
			buildRules = (
			);
			dependencies = (
				FADB9B8B23CCD737006CF143 /* PBXTargetDependency */,
			);
			name = AlexGithubTestAppUITests;
			productName = AlexGithubTestAppUITests;
			productReference = FADB9B8923CCD737006CF143 /* AlexGithubTestAppUITests.xctest */;
			productType = "com.apple.product-type.bundle.ui-testing";
		};
/* End PBXNativeTarget section */

/* Begin PBXProject section */
		FADB9B6023CCD733006CF143 /* Project object */ = {
			isa = PBXProject;
			attributes = {
				LastSwiftUpdateCheck = 1120;
				LastUpgradeCheck = 1120;
				ORGANIZATIONNAME = "Alex Miculescu";
				TargetAttributes = {
					FADB9B6723CCD733006CF143 = {
						CreatedOnToolsVersion = 11.2.1;
					};
					FADB9B7D23CCD737006CF143 = {
						CreatedOnToolsVersion = 11.2.1;
						TestTargetID = FADB9B6723CCD733006CF143;
					};
					FADB9B8823CCD737006CF143 = {
						CreatedOnToolsVersion = 11.2.1;
						TestTargetID = FADB9B6723CCD733006CF143;
					};
				};
			};
			buildConfigurationList = FADB9B6323CCD733006CF143 /* Build configuration list for PBXProject "AlexGithubTestApp" */;
			compatibilityVersion = "Xcode 9.3";
			developmentRegion = en;
			hasScannedForEncodings = 0;
			knownRegions = (
				en,
				Base,
			);
			mainGroup = FADB9B5F23CCD733006CF143;
			productRefGroup = FADB9B6923CCD733006CF143 /* Products */;
			projectDirPath = "";
			projectRoot = "";
			targets = (
				FADB9B6723CCD733006CF143 /* AlexGithubTestApp */,
				FADB9B7D23CCD737006CF143 /* AlexGithubTestAppTests */,
				FADB9B8823CCD737006CF143 /* AlexGithubTestAppUITests */,
			);
		};
/* End PBXProject section */

/* Begin PBXResourcesBuildPhase section */
		FADB9B6623CCD733006CF143 /* Resources */ = {
			isa = PBXResourcesBuildPhase;
			buildActionMask = 2147483647;
			files = (
				FADB9B7823CCD737006CF143 /* LaunchScreen.storyboard in Resources */,
				FADB9B7523CCD737006CF143 /* Assets.xcassets in Resources */,
				FADB9B7323CCD733006CF143 /* LoginStoryboard.storyboard in Resources */,
				FADB9BDE23CE1EAE006CF143 /* RepoStoryboard.storyboard in Resources */,
				FADB9BE523CE25EA006CF143 /* RepoTableViewCell.xib in Resources */,
			);
			runOnlyForDeploymentPostprocessing = 0;
		};
		FADB9B7C23CCD737006CF143 /* Resources */ = {
			isa = PBXResourcesBuildPhase;
			buildActionMask = 2147483647;
			files = (
			);
			runOnlyForDeploymentPostprocessing = 0;
		};
		FADB9B8723CCD737006CF143 /* Resources */ = {
			isa = PBXResourcesBuildPhase;
			buildActionMask = 2147483647;
			files = (
			);
			runOnlyForDeploymentPostprocessing = 0;
		};
/* End PBXResourcesBuildPhase section */

/* Begin PBXShellScriptBuildPhase section */
		0EACE3AFC01965E6AAB0A92C /* [CP] Check Pods Manifest.lock */ = {
			isa = PBXShellScriptBuildPhase;
			buildActionMask = 2147483647;
			files = (
			);
			inputFileListPaths = (
			);
			inputPaths = (
				"${PODS_PODFILE_DIR_PATH}/Podfile.lock",
				"${PODS_ROOT}/Manifest.lock",
			);
			name = "[CP] Check Pods Manifest.lock";
			outputFileListPaths = (
			);
			outputPaths = (
				"$(DERIVED_FILE_DIR)/Pods-AlexGithubTestApp-AlexGithubTestAppUITests-checkManifestLockResult.txt",
			);
			runOnlyForDeploymentPostprocessing = 0;
			shellPath = /bin/sh;
			shellScript = "diff \"${PODS_PODFILE_DIR_PATH}/Podfile.lock\" \"${PODS_ROOT}/Manifest.lock\" > /dev/null\nif [ $? != 0 ] ; then\n    # print error to STDERR\n    echo \"error: The sandbox is not in sync with the Podfile.lock. Run 'pod install' or update your CocoaPods installation.\" >&2\n    exit 1\nfi\n# This output is used by Xcode 'outputs' to avoid re-running this script phase.\necho \"SUCCESS\" > \"${SCRIPT_OUTPUT_FILE_0}\"\n";
			showEnvVarsInLog = 0;
		};
		46AF2123370A225792E13892 /* [CP] Check Pods Manifest.lock */ = {
			isa = PBXShellScriptBuildPhase;
			buildActionMask = 2147483647;
			files = (
			);
			inputFileListPaths = (
			);
			inputPaths = (
				"${PODS_PODFILE_DIR_PATH}/Podfile.lock",
				"${PODS_ROOT}/Manifest.lock",
			);
			name = "[CP] Check Pods Manifest.lock";
			outputFileListPaths = (
			);
			outputPaths = (
				"$(DERIVED_FILE_DIR)/Pods-AlexGithubTestApp-checkManifestLockResult.txt",
			);
			runOnlyForDeploymentPostprocessing = 0;
			shellPath = /bin/sh;
			shellScript = "diff \"${PODS_PODFILE_DIR_PATH}/Podfile.lock\" \"${PODS_ROOT}/Manifest.lock\" > /dev/null\nif [ $? != 0 ] ; then\n    # print error to STDERR\n    echo \"error: The sandbox is not in sync with the Podfile.lock. Run 'pod install' or update your CocoaPods installation.\" >&2\n    exit 1\nfi\n# This output is used by Xcode 'outputs' to avoid re-running this script phase.\necho \"SUCCESS\" > \"${SCRIPT_OUTPUT_FILE_0}\"\n";
			showEnvVarsInLog = 0;
		};
		8DBD3D66B79587FFD6E57D9C /* [CP] Embed Pods Frameworks */ = {
			isa = PBXShellScriptBuildPhase;
			buildActionMask = 2147483647;
			files = (
			);
			inputFileListPaths = (
				"${PODS_ROOT}/Target Support Files/Pods-AlexGithubTestApp/Pods-AlexGithubTestApp-frameworks-${CONFIGURATION}-input-files.xcfilelist",
			);
			name = "[CP] Embed Pods Frameworks";
			outputFileListPaths = (
				"${PODS_ROOT}/Target Support Files/Pods-AlexGithubTestApp/Pods-AlexGithubTestApp-frameworks-${CONFIGURATION}-output-files.xcfilelist",
			);
			runOnlyForDeploymentPostprocessing = 0;
			shellPath = /bin/sh;
			shellScript = "\"${PODS_ROOT}/Target Support Files/Pods-AlexGithubTestApp/Pods-AlexGithubTestApp-frameworks.sh\"\n";
			showEnvVarsInLog = 0;
		};
		F5FBDAD415FFB8838B5C738F /* [CP] Check Pods Manifest.lock */ = {
			isa = PBXShellScriptBuildPhase;
			buildActionMask = 2147483647;
			files = (
			);
			inputFileListPaths = (
			);
			inputPaths = (
				"${PODS_PODFILE_DIR_PATH}/Podfile.lock",
				"${PODS_ROOT}/Manifest.lock",
			);
			name = "[CP] Check Pods Manifest.lock";
			outputFileListPaths = (
			);
			outputPaths = (
				"$(DERIVED_FILE_DIR)/Pods-AlexGithubTestAppTests-checkManifestLockResult.txt",
			);
			runOnlyForDeploymentPostprocessing = 0;
			shellPath = /bin/sh;
			shellScript = "diff \"${PODS_PODFILE_DIR_PATH}/Podfile.lock\" \"${PODS_ROOT}/Manifest.lock\" > /dev/null\nif [ $? != 0 ] ; then\n    # print error to STDERR\n    echo \"error: The sandbox is not in sync with the Podfile.lock. Run 'pod install' or update your CocoaPods installation.\" >&2\n    exit 1\nfi\n# This output is used by Xcode 'outputs' to avoid re-running this script phase.\necho \"SUCCESS\" > \"${SCRIPT_OUTPUT_FILE_0}\"\n";
			showEnvVarsInLog = 0;
		};
		F8F696EEBC328A697E4BADE6 /* [CP] Embed Pods Frameworks */ = {
			isa = PBXShellScriptBuildPhase;
			buildActionMask = 2147483647;
			files = (
			);
			inputFileListPaths = (
				"${PODS_ROOT}/Target Support Files/Pods-AlexGithubTestApp-AlexGithubTestAppUITests/Pods-AlexGithubTestApp-AlexGithubTestAppUITests-frameworks-${CONFIGURATION}-input-files.xcfilelist",
			);
			name = "[CP] Embed Pods Frameworks";
			outputFileListPaths = (
				"${PODS_ROOT}/Target Support Files/Pods-AlexGithubTestApp-AlexGithubTestAppUITests/Pods-AlexGithubTestApp-AlexGithubTestAppUITests-frameworks-${CONFIGURATION}-output-files.xcfilelist",
			);
			runOnlyForDeploymentPostprocessing = 0;
			shellPath = /bin/sh;
			shellScript = "\"${PODS_ROOT}/Target Support Files/Pods-AlexGithubTestApp-AlexGithubTestAppUITests/Pods-AlexGithubTestApp-AlexGithubTestAppUITests-frameworks.sh\"\n";
			showEnvVarsInLog = 0;
		};
/* End PBXShellScriptBuildPhase section */

/* Begin PBXSourcesBuildPhase section */
		FADB9B6423CCD733006CF143 /* Sources */ = {
			isa = PBXSourcesBuildPhase;
			buildActionMask = 2147483647;
			files = (
				FADB9BC023CDC0CF006CF143 /* LoginViewController.swift in Sources */,
				FADB9BE423CE25EA006CF143 /* RepoTableViewCell.swift in Sources */,
				FADB9BE723CE2CAA006CF143 /* UIImage+GithubApp.swift in Sources */,
				FADB9BBD23CDBED8006CF143 /* LoginConfigurator.swift in Sources */,
				FADB9BB023CCF65A006CF143 /* AlamofireNetworkManager.swift in Sources */,
				FADB9BD023CE0C90006CF143 /* Repo.swift in Sources */,
				FADB9BAB23CCF3E7006CF143 /* NetworkManager.swift in Sources */,
				FADB9BB423CDB74E006CF143 /* Keychain.swift in Sources */,
				FADB9BA223CCEE7D006CF143 /* DeeplinkCoordinator.swift in Sources */,
				FADB9BBB23CDBE36006CF143 /* AppCoordinator.swift in Sources */,
				FADB9BDC23CE1B2A006CF143 /* ReposListPresenter.swift in Sources */,
				FADB9B9D23CCE83A006CF143 /* URL+GithubApp.swift in Sources */,
				FADB9B7023CCD733006CF143 /* ViewController.swift in Sources */,
				FADB9BB723CDBC07006CF143 /* API.swift in Sources */,
				FADB9BAE23CCF5C5006CF143 /* Endpoint.swift in Sources */,
				FADB9BCE23CE0C52006CF143 /* RepoDataStore.swift in Sources */,
				FADB9B6C23CCD733006CF143 /* AppDelegate.swift in Sources */,
				FADB9BD823CE19A1006CF143 /* ReposListInteractor.swift in Sources */,
				FADB9BD323CE0CBA006CF143 /* RepoParser.swift in Sources */,
				FADB9BB923CDBC14006CF143 /* API+Authorization.swift in Sources */,
				FADB9BC423CDC207006CF143 /* Identifiable.swift in Sources */,
				FADB9BA823CCF233006CF143 /* LoginInteractor.swift in Sources */,
				FADB9BB223CDB17F006CF143 /* URLRequest+GithubApp.swift in Sources */,
				FADB9BDA23CE1A12006CF143 /* ReposListViewController.swift in Sources */,
				FADB9BE923CE2D6C006CF143 /* CellDequable.swift in Sources */,
				FADB9B6E23CCD733006CF143 /* SceneDelegate.swift in Sources */,
				FADB9BC623CDC24C006CF143 /* UIViewController+Identifiable.swift in Sources */,
				FADB9BEB23CE2FCB006CF143 /* UITableViewCell+Identifiable.swift in Sources */,
				FADB9BA423CCEFDE006CF143 /* GithubOAuthManager.swift in Sources */,
				FADB9BD523CE0F29006CF143 /* API+Repo.swift in Sources */,
				FADB9BE023CE208A006CF143 /* ReposListConfigurator.swift in Sources */,
				FADB9BCC23CE0B54006CF143 /* DataStoresFactory.swift in Sources */,
				FADB9B9F23CCEDB0006CF143 /* Notification+GithubApp.swift in Sources */,
				FADB9BC223CDC1B9006CF143 /* UIStoryboard+GithubApp.swift in Sources */,
			);
			runOnlyForDeploymentPostprocessing = 0;
		};
		FADB9B7A23CCD737006CF143 /* Sources */ = {
			isa = PBXSourcesBuildPhase;
			buildActionMask = 2147483647;
			files = (
				FADB9B8323CCD737006CF143 /* AlexGithubTestAppTests.swift in Sources */,
			);
			runOnlyForDeploymentPostprocessing = 0;
		};
		FADB9B8523CCD737006CF143 /* Sources */ = {
			isa = PBXSourcesBuildPhase;
			buildActionMask = 2147483647;
			files = (
				FADB9B8E23CCD737006CF143 /* AlexGithubTestAppUITests.swift in Sources */,
			);
			runOnlyForDeploymentPostprocessing = 0;
		};
/* End PBXSourcesBuildPhase section */

/* Begin PBXTargetDependency section */
		FADB9B8023CCD737006CF143 /* PBXTargetDependency */ = {
			isa = PBXTargetDependency;
			target = FADB9B6723CCD733006CF143 /* AlexGithubTestApp */;
			targetProxy = FADB9B7F23CCD737006CF143 /* PBXContainerItemProxy */;
		};
		FADB9B8B23CCD737006CF143 /* PBXTargetDependency */ = {
			isa = PBXTargetDependency;
			target = FADB9B6723CCD733006CF143 /* AlexGithubTestApp */;
			targetProxy = FADB9B8A23CCD737006CF143 /* PBXContainerItemProxy */;
		};
/* End PBXTargetDependency section */

/* Begin PBXVariantGroup section */
		FADB9B7123CCD733006CF143 /* LoginStoryboard.storyboard */ = {
			isa = PBXVariantGroup;
			children = (
				FADB9B7223CCD733006CF143 /* Base */,
			);
			name = LoginStoryboard.storyboard;
			sourceTree = "<group>";
		};
		FADB9B7623CCD737006CF143 /* LaunchScreen.storyboard */ = {
			isa = PBXVariantGroup;
			children = (
				FADB9B7723CCD737006CF143 /* Base */,
			);
			name = LaunchScreen.storyboard;
			sourceTree = "<group>";
		};
/* End PBXVariantGroup section */

/* Begin XCBuildConfiguration section */
		FADB9B9023CCD737006CF143 /* Debug */ = {
			isa = XCBuildConfiguration;
			buildSettings = {
				ALWAYS_SEARCH_USER_PATHS = NO;
				CLANG_ANALYZER_NONNULL = YES;
				CLANG_ANALYZER_NUMBER_OBJECT_CONVERSION = YES_AGGRESSIVE;
				CLANG_CXX_LANGUAGE_STANDARD = "gnu++14";
				CLANG_CXX_LIBRARY = "libc++";
				CLANG_ENABLE_MODULES = YES;
				CLANG_ENABLE_OBJC_ARC = YES;
				CLANG_ENABLE_OBJC_WEAK = YES;
				CLANG_WARN_BLOCK_CAPTURE_AUTORELEASING = YES;
				CLANG_WARN_BOOL_CONVERSION = YES;
				CLANG_WARN_COMMA = YES;
				CLANG_WARN_CONSTANT_CONVERSION = YES;
				CLANG_WARN_DEPRECATED_OBJC_IMPLEMENTATIONS = YES;
				CLANG_WARN_DIRECT_OBJC_ISA_USAGE = YES_ERROR;
				CLANG_WARN_DOCUMENTATION_COMMENTS = YES;
				CLANG_WARN_EMPTY_BODY = YES;
				CLANG_WARN_ENUM_CONVERSION = YES;
				CLANG_WARN_INFINITE_RECURSION = YES;
				CLANG_WARN_INT_CONVERSION = YES;
				CLANG_WARN_NON_LITERAL_NULL_CONVERSION = YES;
				CLANG_WARN_OBJC_IMPLICIT_RETAIN_SELF = YES;
				CLANG_WARN_OBJC_LITERAL_CONVERSION = YES;
				CLANG_WARN_OBJC_ROOT_CLASS = YES_ERROR;
				CLANG_WARN_RANGE_LOOP_ANALYSIS = YES;
				CLANG_WARN_STRICT_PROTOTYPES = YES;
				CLANG_WARN_SUSPICIOUS_MOVE = YES;
				CLANG_WARN_UNGUARDED_AVAILABILITY = YES_AGGRESSIVE;
				CLANG_WARN_UNREACHABLE_CODE = YES;
				CLANG_WARN__DUPLICATE_METHOD_MATCH = YES;
				COPY_PHASE_STRIP = NO;
				DEBUG_INFORMATION_FORMAT = dwarf;
				ENABLE_STRICT_OBJC_MSGSEND = YES;
				ENABLE_TESTABILITY = YES;
				GCC_C_LANGUAGE_STANDARD = gnu11;
				GCC_DYNAMIC_NO_PIC = NO;
				GCC_NO_COMMON_BLOCKS = YES;
				GCC_OPTIMIZATION_LEVEL = 0;
				GCC_PREPROCESSOR_DEFINITIONS = (
					"DEBUG=1",
					"$(inherited)",
				);
				GCC_WARN_64_TO_32_BIT_CONVERSION = YES;
				GCC_WARN_ABOUT_RETURN_TYPE = YES_ERROR;
				GCC_WARN_UNDECLARED_SELECTOR = YES;
				GCC_WARN_UNINITIALIZED_AUTOS = YES_AGGRESSIVE;
				GCC_WARN_UNUSED_FUNCTION = YES;
				GCC_WARN_UNUSED_VARIABLE = YES;
				IPHONEOS_DEPLOYMENT_TARGET = 13.2;
				MTL_ENABLE_DEBUG_INFO = INCLUDE_SOURCE;
				MTL_FAST_MATH = YES;
				ONLY_ACTIVE_ARCH = YES;
				SDKROOT = iphoneos;
				SWIFT_ACTIVE_COMPILATION_CONDITIONS = DEBUG;
				SWIFT_OPTIMIZATION_LEVEL = "-Onone";
			};
			name = Debug;
		};
		FADB9B9123CCD737006CF143 /* Release */ = {
			isa = XCBuildConfiguration;
			buildSettings = {
				ALWAYS_SEARCH_USER_PATHS = NO;
				CLANG_ANALYZER_NONNULL = YES;
				CLANG_ANALYZER_NUMBER_OBJECT_CONVERSION = YES_AGGRESSIVE;
				CLANG_CXX_LANGUAGE_STANDARD = "gnu++14";
				CLANG_CXX_LIBRARY = "libc++";
				CLANG_ENABLE_MODULES = YES;
				CLANG_ENABLE_OBJC_ARC = YES;
				CLANG_ENABLE_OBJC_WEAK = YES;
				CLANG_WARN_BLOCK_CAPTURE_AUTORELEASING = YES;
				CLANG_WARN_BOOL_CONVERSION = YES;
				CLANG_WARN_COMMA = YES;
				CLANG_WARN_CONSTANT_CONVERSION = YES;
				CLANG_WARN_DEPRECATED_OBJC_IMPLEMENTATIONS = YES;
				CLANG_WARN_DIRECT_OBJC_ISA_USAGE = YES_ERROR;
				CLANG_WARN_DOCUMENTATION_COMMENTS = YES;
				CLANG_WARN_EMPTY_BODY = YES;
				CLANG_WARN_ENUM_CONVERSION = YES;
				CLANG_WARN_INFINITE_RECURSION = YES;
				CLANG_WARN_INT_CONVERSION = YES;
				CLANG_WARN_NON_LITERAL_NULL_CONVERSION = YES;
				CLANG_WARN_OBJC_IMPLICIT_RETAIN_SELF = YES;
				CLANG_WARN_OBJC_LITERAL_CONVERSION = YES;
				CLANG_WARN_OBJC_ROOT_CLASS = YES_ERROR;
				CLANG_WARN_RANGE_LOOP_ANALYSIS = YES;
				CLANG_WARN_STRICT_PROTOTYPES = YES;
				CLANG_WARN_SUSPICIOUS_MOVE = YES;
				CLANG_WARN_UNGUARDED_AVAILABILITY = YES_AGGRESSIVE;
				CLANG_WARN_UNREACHABLE_CODE = YES;
				CLANG_WARN__DUPLICATE_METHOD_MATCH = YES;
				COPY_PHASE_STRIP = NO;
				DEBUG_INFORMATION_FORMAT = "dwarf-with-dsym";
				ENABLE_NS_ASSERTIONS = NO;
				ENABLE_STRICT_OBJC_MSGSEND = YES;
				GCC_C_LANGUAGE_STANDARD = gnu11;
				GCC_NO_COMMON_BLOCKS = YES;
				GCC_WARN_64_TO_32_BIT_CONVERSION = YES;
				GCC_WARN_ABOUT_RETURN_TYPE = YES_ERROR;
				GCC_WARN_UNDECLARED_SELECTOR = YES;
				GCC_WARN_UNINITIALIZED_AUTOS = YES_AGGRESSIVE;
				GCC_WARN_UNUSED_FUNCTION = YES;
				GCC_WARN_UNUSED_VARIABLE = YES;
				IPHONEOS_DEPLOYMENT_TARGET = 13.2;
				MTL_ENABLE_DEBUG_INFO = NO;
				MTL_FAST_MATH = YES;
				SDKROOT = iphoneos;
				SWIFT_COMPILATION_MODE = wholemodule;
				SWIFT_OPTIMIZATION_LEVEL = "-O";
				VALIDATE_PRODUCT = YES;
			};
			name = Release;
		};
		FADB9B9323CCD737006CF143 /* Debug */ = {
			isa = XCBuildConfiguration;
			baseConfigurationReference = 4659923C6ADF9524571E8D97 /* Pods-AlexGithubTestApp.debug.xcconfig */;
			buildSettings = {
				ASSETCATALOG_COMPILER_APPICON_NAME = AppIcon;
				CODE_SIGN_STYLE = Automatic;
				INFOPLIST_FILE = AlexGithubTestApp/Info.plist;
				LD_RUNPATH_SEARCH_PATHS = (
					"$(inherited)",
					"@executable_path/Frameworks",
				);
				PRODUCT_BUNDLE_IDENTIFIER = alex.miculescu.AlexGithubTestApp;
				PRODUCT_NAME = "$(TARGET_NAME)";
				SWIFT_VERSION = 5.0;
				TARGETED_DEVICE_FAMILY = "1,2";
			};
			name = Debug;
		};
		FADB9B9423CCD737006CF143 /* Release */ = {
			isa = XCBuildConfiguration;
			baseConfigurationReference = FF1B51AA803263914615E680 /* Pods-AlexGithubTestApp.release.xcconfig */;
			buildSettings = {
				ASSETCATALOG_COMPILER_APPICON_NAME = AppIcon;
				CODE_SIGN_STYLE = Automatic;
				INFOPLIST_FILE = AlexGithubTestApp/Info.plist;
				LD_RUNPATH_SEARCH_PATHS = (
					"$(inherited)",
					"@executable_path/Frameworks",
				);
				PRODUCT_BUNDLE_IDENTIFIER = alex.miculescu.AlexGithubTestApp;
				PRODUCT_NAME = "$(TARGET_NAME)";
				SWIFT_VERSION = 5.0;
				TARGETED_DEVICE_FAMILY = "1,2";
			};
			name = Release;
		};
		FADB9B9623CCD737006CF143 /* Debug */ = {
			isa = XCBuildConfiguration;
			baseConfigurationReference = 135990732FB44911CC899994 /* Pods-AlexGithubTestAppTests.debug.xcconfig */;
			buildSettings = {
				ALWAYS_EMBED_SWIFT_STANDARD_LIBRARIES = YES;
				BUNDLE_LOADER = "$(TEST_HOST)";
				CODE_SIGN_STYLE = Automatic;
				INFOPLIST_FILE = AlexGithubTestAppTests/Info.plist;
				IPHONEOS_DEPLOYMENT_TARGET = 13.2;
				LD_RUNPATH_SEARCH_PATHS = (
					"$(inherited)",
					"@executable_path/Frameworks",
					"@loader_path/Frameworks",
				);
				PRODUCT_BUNDLE_IDENTIFIER = alex.miculescu.AlexGithubTestAppTests;
				PRODUCT_NAME = "$(TARGET_NAME)";
				SWIFT_VERSION = 5.0;
				TARGETED_DEVICE_FAMILY = "1,2";
				TEST_HOST = "$(BUILT_PRODUCTS_DIR)/AlexGithubTestApp.app/AlexGithubTestApp";
			};
			name = Debug;
		};
		FADB9B9723CCD737006CF143 /* Release */ = {
			isa = XCBuildConfiguration;
			baseConfigurationReference = 75B89685A3FAB0910908A39F /* Pods-AlexGithubTestAppTests.release.xcconfig */;
			buildSettings = {
				ALWAYS_EMBED_SWIFT_STANDARD_LIBRARIES = YES;
				BUNDLE_LOADER = "$(TEST_HOST)";
				CODE_SIGN_STYLE = Automatic;
				INFOPLIST_FILE = AlexGithubTestAppTests/Info.plist;
				IPHONEOS_DEPLOYMENT_TARGET = 13.2;
				LD_RUNPATH_SEARCH_PATHS = (
					"$(inherited)",
					"@executable_path/Frameworks",
					"@loader_path/Frameworks",
				);
				PRODUCT_BUNDLE_IDENTIFIER = alex.miculescu.AlexGithubTestAppTests;
				PRODUCT_NAME = "$(TARGET_NAME)";
				SWIFT_VERSION = 5.0;
				TARGETED_DEVICE_FAMILY = "1,2";
				TEST_HOST = "$(BUILT_PRODUCTS_DIR)/AlexGithubTestApp.app/AlexGithubTestApp";
			};
			name = Release;
		};
		FADB9B9923CCD737006CF143 /* Debug */ = {
			isa = XCBuildConfiguration;
			baseConfigurationReference = 02DACD6D349ED21AF445D23F /* Pods-AlexGithubTestApp-AlexGithubTestAppUITests.debug.xcconfig */;
			buildSettings = {
				ALWAYS_EMBED_SWIFT_STANDARD_LIBRARIES = YES;
				CODE_SIGN_STYLE = Automatic;
				INFOPLIST_FILE = AlexGithubTestAppUITests/Info.plist;
				LD_RUNPATH_SEARCH_PATHS = (
					"$(inherited)",
					"@executable_path/Frameworks",
					"@loader_path/Frameworks",
				);
				PRODUCT_BUNDLE_IDENTIFIER = alex.miculescu.AlexGithubTestAppUITests;
				PRODUCT_NAME = "$(TARGET_NAME)";
				SWIFT_VERSION = 5.0;
				TARGETED_DEVICE_FAMILY = "1,2";
				TEST_TARGET_NAME = AlexGithubTestApp;
			};
			name = Debug;
		};
		FADB9B9A23CCD737006CF143 /* Release */ = {
			isa = XCBuildConfiguration;
			baseConfigurationReference = 2FF3772BBD5153F613128F53 /* Pods-AlexGithubTestApp-AlexGithubTestAppUITests.release.xcconfig */;
			buildSettings = {
				ALWAYS_EMBED_SWIFT_STANDARD_LIBRARIES = YES;
				CODE_SIGN_STYLE = Automatic;
				INFOPLIST_FILE = AlexGithubTestAppUITests/Info.plist;
				LD_RUNPATH_SEARCH_PATHS = (
					"$(inherited)",
					"@executable_path/Frameworks",
					"@loader_path/Frameworks",
				);
				PRODUCT_BUNDLE_IDENTIFIER = alex.miculescu.AlexGithubTestAppUITests;
				PRODUCT_NAME = "$(TARGET_NAME)";
				SWIFT_VERSION = 5.0;
				TARGETED_DEVICE_FAMILY = "1,2";
				TEST_TARGET_NAME = AlexGithubTestApp;
			};
			name = Release;
		};
/* End XCBuildConfiguration section */

/* Begin XCConfigurationList section */
		FADB9B6323CCD733006CF143 /* Build configuration list for PBXProject "AlexGithubTestApp" */ = {
			isa = XCConfigurationList;
			buildConfigurations = (
				FADB9B9023CCD737006CF143 /* Debug */,
				FADB9B9123CCD737006CF143 /* Release */,
			);
			defaultConfigurationIsVisible = 0;
			defaultConfigurationName = Release;
		};
		FADB9B9223CCD737006CF143 /* Build configuration list for PBXNativeTarget "AlexGithubTestApp" */ = {
			isa = XCConfigurationList;
			buildConfigurations = (
				FADB9B9323CCD737006CF143 /* Debug */,
				FADB9B9423CCD737006CF143 /* Release */,
			);
			defaultConfigurationIsVisible = 0;
			defaultConfigurationName = Release;
		};
		FADB9B9523CCD737006CF143 /* Build configuration list for PBXNativeTarget "AlexGithubTestAppTests" */ = {
			isa = XCConfigurationList;
			buildConfigurations = (
				FADB9B9623CCD737006CF143 /* Debug */,
				FADB9B9723CCD737006CF143 /* Release */,
			);
			defaultConfigurationIsVisible = 0;
			defaultConfigurationName = Release;
		};
		FADB9B9823CCD737006CF143 /* Build configuration list for PBXNativeTarget "AlexGithubTestAppUITests" */ = {
			isa = XCConfigurationList;
			buildConfigurations = (
				FADB9B9923CCD737006CF143 /* Debug */,
				FADB9B9A23CCD737006CF143 /* Release */,
			);
			defaultConfigurationIsVisible = 0;
			defaultConfigurationName = Release;
		};
/* End XCConfigurationList section */
	};
	rootObject = FADB9B6023CCD733006CF143 /* Project object */;
}
